# This file is autogenerated, do not edit; changes may be undone by the next 'dep ensure'.


[[projects]]
  branch = "master"
  digest = "1:9fd7fda663881246d86516871f3099ca699459671f21666efb5b24175db90ec9"
  name = "github.com/krolaw/dhcp4"
  packages = [
    ".",
    "conn",
  ]
  pruneopts = "NUT"
  revision = "7cead472c414711982509839c1a6a324d4c70ce6"

[[projects]]
  branch = "master"
  digest = "1:88810ec115324c260951440d11f030e4bfe451cd888720481e1ddc037a5c8678"
  name = "github.com/mdlayher/ethernet"
  packages = ["."]
  pruneopts = "NUT"
  revision = "5b5fc417d966b71d3781b0d5860413e9fae947c1"

[[projects]]
  branch = "master"
  digest = "1:82baf000055f2497bdf17392c4e70f10f910490de2f0ebac885acbd031f822f3"
  name = "github.com/mdlayher/raw"
  packages = ["."]
  pruneopts = "NUT"
  revision = "b0647ab7d8b35d5b8b734462042628e5af82f7f4"

[[projects]]
  digest = "1:c1bb3f437a292d3448b0d2d0a82da9a13786bb3e97f266e6fd10c2f455d7c4ec"
  name = "github.com/u-root/u-root"
  packages = [
    "pkg/ubinary",
    "pkg/uio",
  ]
  pruneopts = "NUT"
  revision = "8b001e68c2bf8d45ccfe2818f324acbea9321c5b"
  version = "v4.0.0"

[[projects]]
  digest = "1:936ab0fd3f16edc83131e626594a4f4e75426e5adeb7adbe57ed203db4c1b950"
  name = "github.com/vishvananda/netlink"
  packages = [
    ".",
    "nl",
  ]
  pruneopts = "NUT"
  revision = "a2ad57a690f3caf3015351d2d6e1c0b95c349752"
  version = "v1.0.0"

[[projects]]
  branch = "master"
  digest = "1:2a1bbe57bb2602803e0f142d88453b0d9fec89e496aaa2cd8807bcae2e05a4a7"
  name = "github.com/vishvananda/netns"
  packages = ["."]
  pruneopts = "NUT"
  revision = "13995c7128ccc8e51e9a6bd2b551020a27180abd"

[[projects]]
  branch = "master"
  digest = "1:cd54f1899e8e8769b9bc7c4922fc44c8c62a54cf63753b228b9c59d42e7ea0e5"
  name = "golang.org/x/net"
  packages = [
    "bpf",
    "internal/iana",
    "internal/socket",
    "ipv4",
  ]
  pruneopts = "NUT"
  revision = "b630fd6fe46bcfc98f989005d8b8ec1400e60a6e"

[[projects]]
  branch = "master"
  digest = "1:09fc4f13bf5b252c7ce45f2e6a2b84f8795dc6f0489447a7cbaa819e33e0ab34"
  name = "golang.org/x/sys"
  packages = ["unix"]
  pruneopts = "NUT"
  revision = "81d4e9dc473e5e8c933f2aaeba2a3d81efb9aed2"

[solve-meta]
  analyzer-name = "dep"
  analyzer-version = 1
  input-imports = [
    "github.com/krolaw/dhcp4",
    "github.com/mdlayher/ethernet",
    "github.com/mdlayher/raw",
    "github.com/u-root/u-root/pkg/uio",
    "github.com/vishvananda/netlink",
    "golang.org/x/sys/unix",
  ]
  solver-name = "gps-cdcl"
  solver-version = 1
